{
  "name": "pantone-converter",
  "version": "0.0.7",
  "lockfileVersion": 1,
  "requires": true,
  "dependencies": {
    "nearest-color": {
      "version": "0.4.4",
      "resolved": "https://registry.npmjs.org/nearest-color/-/nearest-color-0.4.4.tgz",
      "integrity": "sha512-orhcaIORC10tf41Ld2wwlcC+FaAavHG87JHWB3eHH5p7v2k9Tzym2XNEZzLAm5YJwGv6Q38WWc7SOb+Qfu/4NQ=="
    }
  }
}
